<?xml version="1.0" encoding="utf-8"?>
<Project ToolsVersion="4.0" xmlns="http://schemas.microsoft.com/developer/msbuild/2003">
  <ItemGroup>
    <ClCompile Include="Game.cpp">
      <Filter>Source</Filter>
    </ClCompile>
    <ClCompile Include="InitShader.cpp">
      <Filter>Source</Filter>
    </ClCompile>
    <ClCompile Include="InputUtilities.cpp">
      <Filter>Source\Utilities</Filter>
    </ClCompile>
    <ClCompile Include="LinkList.cpp">
      <Filter>Source\Utilities</Filter>
    </ClCompile>
    <ClCompile Include="Common\Text.cpp">
      <Filter>Common</Filter>
    </ClCompile>
    <ClCompile Include="Common\Timer.cpp">
      <Filter>Common</Filter>
    </ClCompile>
    <ClCompile Include="Common\Quad.cpp">
      <Filter>Common\Shapes</Filter>
    </ClCompile>
    <ClCompile Include="Common\Shape.cpp">
      <Filter>Common\Shapes</Filter>
    </ClCompile>
    <ClCompile Include="Common\Circle.cpp">
      <Filter>Common\Shapes</Filter>
    </ClCompile>
    <ClCompile Include="Common\Triangle.cpp">
      <Filter>Common\Shapes</Filter>
    </ClCompile>
    <ClCompile Include="Common\Lens.cpp">
      <Filter>Common\Shapes</Filter>
    </ClCompile>
    <ClCompile Include="Common\TimedTextManager.cpp">
      <Filter>Common</Filter>
    </ClCompile>
    <ClCompile Include="Common\MainGun.cpp">
      <Filter>Common\Weapon</Filter>
    </ClCompile>
    <ClCompile Include="Common\Bullet.cpp">
      <Filter>Common\GameObjects</Filter>
    </ClCompile>
    <ClCompile Include="Common\Collider.cpp">
      <Filter>Common\GameObjects</Filter>
    </ClCompile>
    <ClCompile Include="Common\GameObject.cpp">
      <Filter>Common\GameObjects</Filter>
    </ClCompile>
    <ClCompile Include="Common\Player.cpp">
      <Filter>Common\GameObjects</Filter>
    </ClCompile>
    <ClCompile Include="Common\Shield.cpp">
      <Filter>Common\GameObjects</Filter>
    </ClCompile>
    <ClCompile Include="Common\Star.cpp">
      <Filter>Common\GameObjects</Filter>
    </ClCompile>
    <ClCompile Include="Common\common.cpp">
      <Filter>Common</Filter>
    </ClCompile>
    <ClCompile Include="Common\BulletManger.cpp">
      <Filter>Common</Filter>
    </ClCompile>
    <ClCompile Include="Common\StarShape.cpp">
      <Filter>Common\Shapes</Filter>
    </ClCompile>
    <ClCompile Include="Common\Enemy.cpp">
      <Filter>Common\GameObjects\Enemys</Filter>
    </ClCompile>
    <ClCompile Include="Common\Big.cpp">
      <Filter>Common\GameObjects\Enemys</Filter>
    </ClCompile>
    <ClCompile Include="Common\Small.cpp">
      <Filter>Common\GameObjects\Enemys</Filter>
    </ClCompile>
    <ClCompile Include="Common\Boss0.cpp">
      <Filter>Common\GameObjects\Enemys</Filter>
    </ClCompile>
    <ClCompile Include="Common\Boss1.cpp">
      <Filter>Common\GameObjects\Enemys</Filter>
    </ClCompile>
    <ClCompile Include="Common\Boss2.cpp">
      <Filter>Common\GameObjects\Enemys</Filter>
    </ClCompile>
    <ClCompile Include="Common\Sentinel.cpp">
      <Filter>Common\GameObjects\Enemys</Filter>
    </ClCompile>
    <ClCompile Include="Common\RotateGun.cpp">
      <Filter>Common\Weapon</Filter>
    </ClCompile>
    <ClCompile Include="Common\Missile.cpp">
      <Filter>Common\GameObjects</Filter>
    </ClCompile>
    <ClCompile Include="Common\Medium.cpp">
      <Filter>Common\GameObjects\Enemys</Filter>
    </ClCompile>
    <ClCompile Include="Common\SecGun.cpp">
      <Filter>Common\Weapon</Filter>
    </ClCompile>
    <ClCompile Include="Common\BossGun.cpp">
      <Filter>Common\Weapon</Filter>
    </ClCompile>
    <ClCompile Include="Common\BossGunMount.cpp">
      <Filter>Common\Weapon</Filter>
    </ClCompile>
  </ItemGroup>
  <ItemGroup>
    <ClInclude Include="Header\Angel.h">
      <Filter>Header</Filter>
    </ClInclude>
    <ClInclude Include="Header\vec.h">
      <Filter>Header</Filter>
    </ClInclude>
    <ClInclude Include="Header\CheckError.h">
      <Filter>Header</Filter>
    </ClInclude>
    <ClInclude Include="InputUtilities.h">
      <Filter>Source\Utilities</Filter>
    </ClInclude>
    <ClInclude Include="LinkList.h">
      <Filter>Source\Utilities</Filter>
    </ClInclude>
    <ClInclude Include="Header\mat.h">
      <Filter>Header</Filter>
    </ClInclude>
    <ClInclude Include="Common\Text.h">
      <Filter>Common</Filter>
    </ClInclude>
    <ClInclude Include="Common\Timer.h">
      <Filter>Common</Filter>
    </ClInclude>
    <ClInclude Include="View.h">
      <Filter>Source</Filter>
    </ClInclude>
    <ClInclude Include="Common\MainGun.h">
      <Filter>Common\Weapon</Filter>
    </ClInclude>
    <ClInclude Include="Common\Quad.h">
      <Filter>Common\Shapes</Filter>
    </ClInclude>
    <ClInclude Include="Common\Shape.h">
      <Filter>Common\Shapes</Filter>
    </ClInclude>
    <ClInclude Include="Common\Circle.h">
      <Filter>Common\Shapes</Filter>
    </ClInclude>
    <ClInclude Include="Common\Triangle.h">
      <Filter>Common\Shapes</Filter>
    </ClInclude>
    <ClInclude Include="Common\Lens.h">
      <Filter>Common\Shapes</Filter>
    </ClInclude>
    <ClInclude Include="Common\TimedTextManager.h">
      <Filter>Common</Filter>
    </ClInclude>
    <ClInclude Include="Common\Bullet.h">
      <Filter>Common\GameObjects</Filter>
    </ClInclude>
    <ClInclude Include="Common\Collider.h">
      <Filter>Common\GameObjects</Filter>
    </ClInclude>
    <ClInclude Include="Common\GameObject.h">
      <Filter>Common\GameObjects</Filter>
    </ClInclude>
    <ClInclude Include="Common\Player.h">
      <Filter>Common\GameObjects</Filter>
    </ClInclude>
    <ClInclude Include="Common\Shield.h">
      <Filter>Common\GameObjects</Filter>
    </ClInclude>
    <ClInclude Include="Common\Star.h">
      <Filter>Common\GameObjects</Filter>
    </ClInclude>
    <ClInclude Include="Common\ICanTakeDamage.h">
      <Filter>Common</Filter>
    </ClInclude>
    <ClInclude Include="Common\BulletManager.h">
      <Filter>Common</Filter>
    </ClInclude>
    <ClInclude Include="Common\StarShape.h">
      <Filter>Common\Shapes</Filter>
    </ClInclude>
    <ClInclude Include="Common\Enemy.h">
      <Filter>Common\GameObjects\Enemys</Filter>
    </ClInclude>
    <ClInclude Include="Common\Big.h">
      <Filter>Common\GameObjects\Enemys</Filter>
    </ClInclude>
    <ClInclude Include="Common\Small.h">
      <Filter>Common\GameObjects\Enemys</Filter>
    </ClInclude>
    <ClInclude Include="Common\Boss0.h">
      <Filter>Common\GameObjects\Enemys</Filter>
    </ClInclude>
    <ClInclude Include="Common\Boss1.h">
      <Filter>Common\GameObjects\Enemys</Filter>
    </ClInclude>
    <ClInclude Include="Common\Boss2.h">
      <Filter>Common\GameObjects\Enemys</Filter>
    </ClInclude>
    <ClInclude Include="Common\Sentinel.h">
      <Filter>Common\GameObjects\Enemys</Filter>
    </ClInclude>
    <ClInclude Include="Common\RotateGun.h">
      <Filter>Common\Weapon</Filter>
    </ClInclude>
    <ClInclude Include="Common\Missile.h">
      <Filter>Common\GameObjects</Filter>
    </ClInclude>
    <ClInclude Include="Common\Medium.h">
      <Filter>Common\GameObjects\Enemys</Filter>
    </ClInclude>
    <ClInclude Include="Common\SecGun.h">
      <Filter>Common\Weapon</Filter>
    </ClInclude>
    <ClInclude Include="Common\BossGun.h">
      <Filter>Common\Weapon</Filter>
    </ClInclude>
    <ClInclude Include="Common\BossGunMount.h">
      <Filter>Common\Weapon</Filter>
    </ClInclude>
  </ItemGroup>
  <ItemGroup>
    <None Include="fsShape.glsl">
      <Filter>Source\Shader</Filter>
    </None>
    <None Include="fsText.glsl">
      <Filter>Source\Shader</Filter>
    </None>
    <None Include="vsShape.glsl">
      <Filter>Source\Shader</Filter>
    </None>
    <None Include="vsText.glsl">
      <Filter>Source\Shader</Filter>
    </None>
  </ItemGroup>
  <ItemGroup>
    <Filter Include="Common">
      <UniqueIdentifier>{a5867a34-c004-4748-b814-89e93f68a06e}</UniqueIdentifier>
    </Filter>
    <Filter Include="Header">
      <UniqueIdentifier>{4b660867-c29d-4291-9e9b-7fc30bcbce41}</UniqueIdentifier>
    </Filter>
    <Filter Include="Source">
      <UniqueIdentifier>{dac2e4d9-4259-4476-bbd1-3aa8973d98ff}</UniqueIdentifier>
    </Filter>
    <Filter Include="Source\Utilities">
      <UniqueIdentifier>{4ef2ddef-a900-4856-b3e9-1f902ea3280b}</UniqueIdentifier>
    </Filter>
    <Filter Include="Common\Weapon">
      <UniqueIdentifier>{5fdeaa5e-3114-4145-986b-9710797477f5}</UniqueIdentifier>
    </Filter>
    <Filter Include="Source\Shader">
      <UniqueIdentifier>{bbb421b3-e793-4807-ad70-133dbafa82a6}</UniqueIdentifier>
    </Filter>
    <Filter Include="Common\Shapes">
      <UniqueIdentifier>{f28e031f-0494-4a48-9190-86f0abd297d6}</UniqueIdentifier>
    </Filter>
    <Filter Include="Common\GameObjects">
      <UniqueIdentifier>{0d9384cc-2bc6-4d20-949b-5177ce02dbf1}</UniqueIdentifier>
    </Filter>
    <Filter Include="Common\GameObjects\Enemys">
      <UniqueIdentifier>{2655ee1b-7026-4b96-99a5-212750a54938}</UniqueIdentifier>
    </Filter>
  </ItemGroup>
</Project>